
Microsoft Visual Studio Solution File, Format Version 12.00
# Visual Studio Version 17
VisualStudioVersion = 17.7.34202.233
MinimumVisualStudioVersion = 10.0.40219.1
Project("{9A19103F-16F7-4668-BE54-9A1E7A4F7556}") = "Cnbv.ConectaProcesos.Opiniones.Api", "Sources\Cnbv.ConectaProcesos.Opiniones.Api\Cnbv.ConectaProcesos.Opiniones.Api.csproj", "{9D191C4B-61ED-40B2-B88B-AF3C3A3B2803}"
EndProject
Project("{9A19103F-16F7-4668-BE54-9A1E7A4F7556}") = "Cnbv.ConectaProcesos.Opiniones.Business", "Sources\Cnbv.ConectaProcesos.Opiniones.Business\Cnbv.ConectaProcesos.Opiniones.Business.csproj", "{BAB97EB8-406C-4481-86AA-CA1D87AD2373}"
EndProject
Project("{9A19103F-16F7-4668-BE54-9A1E7A4F7556}") = "Cnbv.ConectaProcesos.Opiniones.Data", "Sources\Cnbv.ConectaProcesos.Opiniones.Data\Cnbv.ConectaProcesos.Opiniones.Data.csproj", "{6CFC8F37-329C-416A-A17F-FDEE45070EF0}"
EndProject
Project("{9A19103F-16F7-4668-BE54-9A1E7A4F7556}") = "Cnbv.ConectaProcesos.Opiniones.Entities", "Sources\Cnbv.ConectaProcesos.Opiniones.Entities\Cnbv.ConectaProcesos.Opiniones.Entities.csproj", "{8BEFFF53-A449-48E5-9B92-AC377164021F}"
EndProject
Project("{FAE04EC0-301F-11D3-BF4B-00C04F79EFBC}") = "Cnbv.ConectaProcesos.Opiniones.Common", "Sources\Cnbv.ConectaProcesos.Opiniones.Common\Cnbv.ConectaProcesos.Opiniones.Common.csproj", "{FF82A8EA-9925-41D1-A9D1-3BB1F0D15833}"
EndProject
Global
	GlobalSection(SolutionConfigurationPlatforms) = preSolution
		Debug|Any CPU = Debug|Any CPU
		Release|Any CPU = Release|Any CPU
	EndGlobalSection
	GlobalSection(ProjectConfigurationPlatforms) = postSolution
		{9D191C4B-61ED-40B2-B88B-AF3C3A3B2803}.Debug|Any CPU.ActiveCfg = Debug|Any CPU
		{9D191C4B-61ED-40B2-B88B-AF3C3A3B2803}.Debug|Any CPU.Build.0 = Debug|Any CPU
		{9D191C4B-61ED-40B2-B88B-AF3C3A3B2803}.Release|Any CPU.ActiveCfg = Release|Any CPU
		{9D191C4B-61ED-40B2-B88B-AF3C3A3B2803}.Release|Any CPU.Build.0 = Release|Any CPU
		{BAB97EB8-406C-4481-86AA-CA1D87AD2373}.Debug|Any CPU.ActiveCfg = Debug|Any CPU
		{BAB97EB8-406C-4481-86AA-CA1D87AD2373}.Debug|Any CPU.Build.0 = Debug|Any CPU
		{BAB97EB8-406C-4481-86AA-CA1D87AD2373}.Release|Any CPU.ActiveCfg = Release|Any CPU
		{BAB97EB8-406C-4481-86AA-CA1D87AD2373}.Release|Any CPU.Build.0 = Release|Any CPU
		{6CFC8F37-329C-416A-A17F-FDEE45070EF0}.Debug|Any CPU.ActiveCfg = Debug|Any CPU
		{6CFC8F37-329C-416A-A17F-FDEE45070EF0}.Debug|Any CPU.Build.0 = Debug|Any CPU
		{6CFC8F37-329C-416A-A17F-FDEE45070EF0}.Release|Any CPU.ActiveCfg = Release|Any CPU
		{6CFC8F37-329C-416A-A17F-FDEE45070EF0}.Release|Any CPU.Build.0 = Release|Any CPU
		{8BEFFF53-A449-48E5-9B92-AC377164021F}.Debug|Any CPU.ActiveCfg = Debug|Any CPU
		{8BEFFF53-A449-48E5-9B92-AC377164021F}.Debug|Any CPU.Build.0 = Debug|Any CPU
		{8BEFFF53-A449-48E5-9B92-AC377164021F}.Release|Any CPU.ActiveCfg = Release|Any CPU
		{8BEFFF53-A449-48E5-9B92-AC377164021F}.Release|Any CPU.Build.0 = Release|Any CPU
		{FF82A8EA-9925-41D1-A9D1-3BB1F0D15833}.Debug|Any CPU.ActiveCfg = Debug|Any CPU
		{FF82A8EA-9925-41D1-A9D1-3BB1F0D15833}.Debug|Any CPU.Build.0 = Debug|Any CPU
		{FF82A8EA-9925-41D1-A9D1-3BB1F0D15833}.Release|Any CPU.ActiveCfg = Release|Any CPU
		{FF82A8EA-9925-41D1-A9D1-3BB1F0D15833}.Release|Any CPU.Build.0 = Release|Any CPU
	EndGlobalSection
	GlobalSection(SolutionProperties) = preSolution
		HideSolutionNode = FALSE
	EndGlobalSection
	GlobalSection(ExtensibilityGlobals) = postSolution
		SolutionGuid = {0063118B-88A2-4AAC-B819-BB01BEA779BE}
	EndGlobalSection
EndGlobal
